Microsoft Visual Studio Solution File, Format Version 12.00
# Visual Studio Version 17
VisualStudioVersion = 17.5.2.0
MinimumVisualStudioVersion = 10.0.40219.1
Project("{FAE04EC0-301F-11D3-BF4B-00C04F79EFBC}") = "module-1-task-3", "module-1-task-3.csproj", "{B48BCBA5-E8E4-1698-303F-BF515EF1E0A0}"
EndProject
Global
	GlobalSection(SolutionConfigurationPlatforms) = preSolution
		Debug|Any CPU = Debug|Any CPU
		Release|Any CPU = Release|Any CPU
	EndGlobalSection
	GlobalSection(ProjectConfigurationPlatforms) = postSolution
		{B48BCBA5-E8E4-1698-303F-BF515EF1E0A0}.Debug|Any CPU.ActiveCfg = Debug|Any CPU
		{B48BCBA5-E8E4-1698-303F-BF515EF1E0A0}.Debug|Any CPU.Build.0 = Debug|Any CPU
		{B48BCBA5-E8E4-1698-303F-BF515EF1E0A0}.Release|Any CPU.ActiveCfg = Release|Any CPU
		{B48BCBA5-E8E4-1698-303F-BF515EF1E0A0}.Release|Any CPU.Build.0 = Release|Any CPU
	EndGlobalSection
	GlobalSection(SolutionProperties) = preSolution
		HideSolutionNode = FALSE
	EndGlobalSection
	GlobalSection(ExtensibilityGlobals) = postSolution
		SolutionGuid = {D51518C6-67CA-44D5-B6AE-752BA0CBAAD6}
	EndGlobalSection
EndGlobal
